
Microsoft Visual Studio Solution File, Format Version 12.00
# Visual Studio Version 16
VisualStudioVersion = 16.0.808.6
MinimumVisualStudioVersion = 10.0.40219.1
Project("{FAE04EC0-301F-11D3-BF4B-00C04F79EFBC}") = "NetVet2.API", "NetVet2.API\NetVet2.API.csproj", "{F7682E80-D4C8-4DFC-9A6F-7A0591DF4292}"
EndProject
Project("{FAE04EC0-301F-11D3-BF4B-00C04F79EFBC}") = "NetVet2.Domain", "NetVet2.Domain\NetVet2.Domain.csproj", "{D111BE03-6FC9-4583-A487-9411C13D8388}"
EndProject
Global
	GlobalSection(SolutionConfigurationPlatforms) = preSolution
		Debug|Any CPU = Debug|Any CPU
		Release|Any CPU = Release|Any CPU
	EndGlobalSection
	GlobalSection(ProjectConfigurationPlatforms) = postSolution
		{F7682E80-D4C8-4DFC-9A6F-7A0591DF4292}.Debug|Any CPU.ActiveCfg = Debug|Any CPU
		{F7682E80-D4C8-4DFC-9A6F-7A0591DF4292}.Debug|Any CPU.Build.0 = Debug|Any CPU
		{F7682E80-D4C8-4DFC-9A6F-7A0591DF4292}.Release|Any CPU.ActiveCfg = Release|Any CPU
		{F7682E80-D4C8-4DFC-9A6F-7A0591DF4292}.Release|Any CPU.Build.0 = Release|Any CPU
		{D111BE03-6FC9-4583-A487-9411C13D8388}.Debug|Any CPU.ActiveCfg = Debug|Any CPU
		{D111BE03-6FC9-4583-A487-9411C13D8388}.Debug|Any CPU.Build.0 = Debug|Any CPU
		{D111BE03-6FC9-4583-A487-9411C13D8388}.Release|Any CPU.ActiveCfg = Release|Any CPU
		{D111BE03-6FC9-4583-A487-9411C13D8388}.Release|Any CPU.Build.0 = Release|Any CPU
	EndGlobalSection
	GlobalSection(SolutionProperties) = preSolution
		HideSolutionNode = FALSE
	EndGlobalSection
	GlobalSection(ExtensibilityGlobals) = postSolution
		SolutionGuid = {01182F8D-D210-4FC5-BE0D-2154AD12FA04}
	EndGlobalSection
EndGlobal
